Microsoft Visual Studio Solution File, Format Version 12.00
# Visual Studio Version 17
VisualStudioVersion = 17.5.2.0
MinimumVisualStudioVersion = 10.0.40219.1
Project("{2150E333-8FDC-42A3-9474-1A3956D46DE8}") = "dotnet", "dotnet", "{71E6E750-85FD-B5BC-4321-E01377EC6231}"
EndProject
Project("{FAE04EC0-301F-11D3-BF4B-00C04F79EFBC}") = "hello-sanjay", "dotnet\hello-sanjay\hello-sanjay.csproj", "{BA5C9E59-854A-0577-C4F4-F9BC03298FEA}"
EndProject
Global
	GlobalSection(SolutionConfigurationPlatforms) = preSolution
		Debug|Any CPU = Debug|Any CPU
		Release|Any CPU = Release|Any CPU
	EndGlobalSection
	GlobalSection(ProjectConfigurationPlatforms) = postSolution
		{BA5C9E59-854A-0577-C4F4-F9BC03298FEA}.Debug|Any CPU.ActiveCfg = Debug|Any CPU
		{BA5C9E59-854A-0577-C4F4-F9BC03298FEA}.Debug|Any CPU.Build.0 = Debug|Any CPU
		{BA5C9E59-854A-0577-C4F4-F9BC03298FEA}.Release|Any CPU.ActiveCfg = Release|Any CPU
		{BA5C9E59-854A-0577-C4F4-F9BC03298FEA}.Release|Any CPU.Build.0 = Release|Any CPU
	EndGlobalSection
	GlobalSection(SolutionProperties) = preSolution
		HideSolutionNode = FALSE
	EndGlobalSection
	GlobalSection(NestedProjects) = preSolution
		{BA5C9E59-854A-0577-C4F4-F9BC03298FEA} = {71E6E750-85FD-B5BC-4321-E01377EC6231}
	EndGlobalSection
	GlobalSection(ExtensibilityGlobals) = postSolution
		SolutionGuid = {D6D3D211-E17A-4A56-8A5C-D814A0596845}
	EndGlobalSection
EndGlobal
